
Microsoft Visual Studio Solution File, Format Version 12.00
# Visual Studio Version 17
VisualStudioVersion = 17.5.33424.131
MinimumVisualStudioVersion = 10.0.40219.1
Project("{FAE04EC0-301F-11D3-BF4B-00C04F79EFBC}") = "BlogDataLibrary", "BlogDataLibrary\BlogDataLibrary.csproj", "{61390F59-2522-4D53-953A-2F7DF5F04281}"
EndProject
Project("{00D1A9C2-B5F0-4AF3-8072-F6C62B433612}") = "UyBlogDB", "UyBlogDB\UyBlogDB.sqlproj", "{893A1269-8869-4215-9958-80FE99D00CC2}"
EndProject
Project("{FAE04EC0-301F-11D3-BF4B-00C04F79EFBC}") = "BlogTestUI", "BlogTestUI\BlogTestUI.csproj", "{7BB16A8D-93A6-4E5F-BD3D-9D1BB528D665}"
EndProject
Global
	GlobalSection(SolutionConfigurationPlatforms) = preSolution
		Debug|Any CPU = Debug|Any CPU
		Release|Any CPU = Release|Any CPU
	EndGlobalSection
	GlobalSection(ProjectConfigurationPlatforms) = postSolution
		{61390F59-2522-4D53-953A-2F7DF5F04281}.Debug|Any CPU.ActiveCfg = Debug|Any CPU
		{61390F59-2522-4D53-953A-2F7DF5F04281}.Debug|Any CPU.Build.0 = Debug|Any CPU
		{61390F59-2522-4D53-953A-2F7DF5F04281}.Release|Any CPU.ActiveCfg = Release|Any CPU
		{61390F59-2522-4D53-953A-2F7DF5F04281}.Release|Any CPU.Build.0 = Release|Any CPU
		{893A1269-8869-4215-9958-80FE99D00CC2}.Debug|Any CPU.ActiveCfg = Debug|Any CPU
		{893A1269-8869-4215-9958-80FE99D00CC2}.Debug|Any CPU.Build.0 = Debug|Any CPU
		{893A1269-8869-4215-9958-80FE99D00CC2}.Debug|Any CPU.Deploy.0 = Debug|Any CPU
		{893A1269-8869-4215-9958-80FE99D00CC2}.Release|Any CPU.ActiveCfg = Release|Any CPU
		{893A1269-8869-4215-9958-80FE99D00CC2}.Release|Any CPU.Build.0 = Release|Any CPU
		{893A1269-8869-4215-9958-80FE99D00CC2}.Release|Any CPU.Deploy.0 = Release|Any CPU
		{7BB16A8D-93A6-4E5F-BD3D-9D1BB528D665}.Debug|Any CPU.ActiveCfg = Debug|Any CPU
		{7BB16A8D-93A6-4E5F-BD3D-9D1BB528D665}.Debug|Any CPU.Build.0 = Debug|Any CPU
		{7BB16A8D-93A6-4E5F-BD3D-9D1BB528D665}.Release|Any CPU.ActiveCfg = Release|Any CPU
		{7BB16A8D-93A6-4E5F-BD3D-9D1BB528D665}.Release|Any CPU.Build.0 = Release|Any CPU
	EndGlobalSection
	GlobalSection(SolutionProperties) = preSolution
		HideSolutionNode = FALSE
	EndGlobalSection
	GlobalSection(ExtensibilityGlobals) = postSolution
		SolutionGuid = {923C5297-7CE9-498C-B169-4251483DDCDD}
	EndGlobalSection
EndGlobal
